
Microsoft Visual Studio Solution File, Format Version 12.00
# Visual Studio Version 17
VisualStudioVersion = 17.13.35818.85 d17.13
MinimumVisualStudioVersion = 10.0.40219.1
Project("{888888A0-9F3D-457C-B088-3A5042F75D52}") = "grad", "grad\grad.pyproj", "{7FAEF6BA-3715-4DE7-BE44-342A3BF82E89}"
EndProject
Global
	GlobalSection(SolutionConfigurationPlatforms) = preSolution
		Debug|Any CPU = Debug|Any CPU
		Release|Any CPU = Release|Any CPU
	EndGlobalSection
	GlobalSection(ProjectConfigurationPlatforms) = postSolution
		{7FAEF6BA-3715-4DE7-BE44-342A3BF82E89}.Debug|Any CPU.ActiveCfg = Debug|Any CPU
		{7FAEF6BA-3715-4DE7-BE44-342A3BF82E89}.Release|Any CPU.ActiveCfg = Release|Any CPU
	EndGlobalSection
	GlobalSection(SolutionProperties) = preSolution
		HideSolutionNode = FALSE
	EndGlobalSection
	GlobalSection(ExtensibilityGlobals) = postSolution
		SolutionGuid = {F35EC6BB-8336-4878-9FBD-34F712676638}
	EndGlobalSection
EndGlobal
